// !$*UTF8*$!
{
	archiveVersion = 1;
	classes = {
	};
	objectVersion = 46;
	objects = {

/* Begin PBXBuildFile section */
		0441AC4E1C7CA3A3000B61AD /* main.m in Sources */ = {isa = PBXBuildFile; fileRef = 0441AC4D1C7CA3A3000B61AD /* main.m */; };
		0441AC511C7CA3A3000B61AD /* AppDelegate.m in Sources */ = {isa = PBXBuildFile; fileRef = 0441AC501C7CA3A3000B61AD /* AppDelegate.m */; };
		0441AC541C7CA3A3000B61AD /* ViewController.m in Sources */ = {isa = PBXBuildFile; fileRef = 0441AC531C7CA3A3000B61AD /* ViewController.m */; };
		0441AC571C7CA3A3000B61AD /* Main.storyboard in Resources */ = {isa = PBXBuildFile; fileRef = 0441AC551C7CA3A3000B61AD /* Main.storyboard */; };
		0441AC591C7CA3A3000B61AD /* Assets.xcassets in Resources */ = {isa = PBXBuildFile; fileRef = 0441AC581C7CA3A3000B61AD /* Assets.xcassets */; };
		0441AC5C1C7CA3A3000B61AD /* LaunchScreen.storyboard in Resources */ = {isa = PBXBuildFile; fileRef = 0441AC5A1C7CA3A3000B61AD /* LaunchScreen.storyboard */; };
		0441AC671C7CA3A3000B61AD /* ApplePayDemoTests.m in Sources */ = {isa = PBXBuildFile; fileRef = 0441AC661C7CA3A3000B61AD /* ApplePayDemoTests.m */; };
		0441AC721C7CA3A3000B61AD /* ApplePayDemoUITests.m in Sources */ = {isa = PBXBuildFile; fileRef = 0441AC711C7CA3A3000B61AD /* ApplePayDemoUITests.m */; };
/* End PBXBuildFile section */

/* Begin PBXContainerItemProxy section */
		0441AC631C7CA3A3000B61AD /* PBXContainerItemProxy */ = {
			isa = PBXContainerItemProxy;
			containerPortal = 0441AC411C7CA3A3000B61AD /* Project object */;
			proxyType = 1;
			remoteGlobalIDString = 0441AC481C7CA3A3000B61AD;
			remoteInfo = ApplePayDemo;
		};
		0441AC6E1C7CA3A3000B61AD /* PBXContainerItemProxy */ = {
			isa = PBXContainerItemProxy;
			containerPortal = 0441AC411C7CA3A3000B61AD /* Project object */;
			proxyType = 1;
			remoteGlobalIDString = 0441AC481C7CA3A3000B61AD;
			remoteInfo = ApplePayDemo;
		};
/* End PBXContainerItemProxy section */

/* Begin PBXFileReference section */
		0441AC491C7CA3A3000B61AD /* ApplePayDemo.app */ = {isa = PBXFileReference; explicitFileType = wrapper.application; includeInIndex = 0; path = ApplePayDemo.app; sourceTree = BUILT_PRODUCTS_DIR; };
		0441AC4D1C7CA3A3000B61AD /* main.m */ = {isa = PBXFileReference; lastKnownFileType = sourcecode.c.objc; path = main.m; sourceTree = "<group>"; };
		0441AC501C7CA3A3000B61AD /* AppDelegate.m */ = {isa = PBXFileReference; lastKnownFileType = sourcecode.c.objc; path = AppDelegate.m; sourceTree = "<group>"; };
		0441AC521C7CA3A3000B61AD /* ViewController.h */ = {isa = PBXFileReference; lastKnownFileType = sourcecode.c.h; path = ViewController.h; sourceTree = "<group>"; };
		0441AC531C7CA3A3000B61AD /* ViewController.m */ = {isa = PBXFileReference; lastKnownFileType = sourcecode.c.objc; path = ViewController.m; sourceTree = "<group>"; };
		0441AC561C7CA3A3000B61AD /* Base */ = {isa = PBXFileReference; lastKnownFileType = file.storyboard; name = Base; path = Base.lproj/Main.storyboard; sourceTree = "<group>"; };
		0441AC581C7CA3A3000B61AD /* Assets.xcassets */ = {isa = PBXFileReference; lastKnownFileType = folder.assetcatalog; path = Assets.xcassets; sourceTree = "<group>"; };
		0441AC5B1C7CA3A3000B61AD /* Base */ = {isa = PBXFileReference; lastKnownFileType = file.storyboard; name = Base; path = Base.lproj/LaunchScreen.storyboard; sourceTree = "<group>"; };
		0441AC5D1C7CA3A3000B61AD /* Info.plist */ = {isa = PBXFileReference; lastKnownFileType = text.plist.xml; path = Info.plist; sourceTree = "<group>"; };
		0441AC621C7CA3A3000B61AD /* ApplePayDemoTests.xctest */ = {isa = PBXFileReference; explicitFileType = wrapper.cfbundle; includeInIndex = 0; path = ApplePayDemoTests.xctest; sourceTree = BUILT_PRODUCTS_DIR; };
		0441AC661C7CA3A3000B61AD /* ApplePayDemoTests.m */ = {isa = PBXFileReference; lastKnownFileType = sourcecode.c.objc; path = ApplePayDemoTests.m; sourceTree = "<group>"; };
		0441AC681C7CA3A3000B61AD /* Info.plist */ = {isa = PBXFileReference; lastKnownFileType = text.plist.xml; path = Info.plist; sourceTree = "<group>"; };
		0441AC6D1C7CA3A3000B61AD /* ApplePayDemoUITests.xctest */ = {isa = PBXFileReference; explicitFileType = wrapper.cfbundle; includeInIndex = 0; path = ApplePayDemoUITests.xctest; sourceTree = BUILT_PRODUCTS_DIR; };
		0441AC711C7CA3A3000B61AD /* ApplePayDemoUITests.m */ = {isa = PBXFileReference; lastKnownFileType = sourcecode.c.objc; path = ApplePayDemoUITests.m; sourceTree = "<group>"; };
		0441AC731C7CA3A3000B61AD /* Info.plist */ = {isa = PBXFileReference; lastKnownFileType = text.plist.xml; path = Info.plist; sourceTree = "<group>"; };
/* End PBXFileReference section */

/* Begin PBXFrameworksBuildPhase section */
		0441AC461C7CA3A3000B61AD /* Frameworks */ = {
			isa = PBXFrameworksBuildPhase;
			buildActionMask = 2147483647;
			files = (
			);
			runOnlyForDeploymentPostprocessing = 0;
		};
		0441AC5F1C7CA3A3000B61AD /* Frameworks */ = {
			isa = PBXFrameworksBuildPhase;
			buildActionMask = 2147483647;
			files = (
			);
			runOnlyForDeploymentPostprocessing = 0;
		};
		0441AC6A1C7CA3A3000B61AD /* Frameworks */ = {
			isa = PBXFrameworksBuildPhase;
			buildActionMask = 2147483647;
			files = (
			);
			runOnlyForDeploymentPostprocessing = 0;
		};
/* End PBXFrameworksBuildPhase section */

/* Begin PBXGroup section */
		0441AC401C7CA3A3000B61AD = {
			isa = PBXGroup;
			children = (
				0441AC4B1C7CA3A3000B61AD /* ApplePayDemo */,
				0441AC651C7CA3A3000B61AD /* ApplePayDemoTests */,
				0441AC701C7CA3A3000B61AD /* ApplePayDemoUITests */,
				0441AC4A1C7CA3A3000B61AD /* Products */,
			);
			sourceTree = "<group>";
		};
		0441AC4A1C7CA3A3000B61AD /* Products */ = {
			isa = PBXGroup;
			children = (
				0441AC491C7CA3A3000B61AD /* ApplePayDemo.app */,
				0441AC621C7CA3A3000B61AD /* ApplePayDemoTests.xctest */,
				0441AC6D1C7CA3A3000B61AD /* ApplePayDemoUITests.xctest */,
			);
			name = Products;
			sourceTree = "<group>";
		};
		0441AC4B1C7CA3A3000B61AD /* ApplePayDemo */ = {
			isa = PBXGroup;
			children = (
				0441AC501C7CA3A3000B61AD /* AppDelegate.m */,
				0441AC521C7CA3A3000B61AD /* ViewController.h */,
				0441AC531C7CA3A3000B61AD /* ViewController.m */,
				0441AC551C7CA3A3000B61AD /* Main.storyboard */,
				0441AC581C7CA3A3000B61AD /* Assets.xcassets */,
				0441AC5A1C7CA3A3000B61AD /* LaunchScreen.storyboard */,
				0441AC5D1C7CA3A3000B61AD /* Info.plist */,
				0441AC4C1C7CA3A3000B61AD /* Supporting Files */,
			);
			path = ApplePayDemo;
			sourceTree = "<group>";
		};
		0441AC4C1C7CA3A3000B61AD /* Supporting Files */ = {
			isa = PBXGroup;
			children = (
				0441AC4D1C7CA3A3000B61AD /* main.m */,
			);
			name = "Supporting Files";
			sourceTree = "<group>";
		};
		0441AC651C7CA3A3000B61AD /* ApplePayDemoTests */ = {
			isa = PBXGroup;
			children = (
				0441AC661C7CA3A3000B61AD /* ApplePayDemoTests.m */,
				0441AC681C7CA3A3000B61AD /* Info.plist */,
			);
			path = ApplePayDemoTests;
			sourceTree = "<group>";
		};
		0441AC701C7CA3A3000B61AD /* ApplePayDemoUITests */ = {
			isa = PBXGroup;
			children = (
				0441AC711C7CA3A3000B61AD /* ApplePayDemoUITests.m */,
				0441AC731C7CA3A3000B61AD /* Info.plist */,
			);
			path = ApplePayDemoUITests;
			sourceTree = "<group>";
		};
/* End PBXGroup section */

/* Begin PBXNativeTarget section */
		0441AC481C7CA3A3000B61AD /* ApplePayDemo */ = {
			isa = PBXNativeTarget;
			buildConfigurationList = 0441AC761C7CA3A3000B61AD /* Build configuration list for PBXNativeTarget "ApplePayDemo" */;
			buildPhases = (
				0441AC451C7CA3A3000B61AD /* Sources */,
				0441AC461C7CA3A3000B61AD /* Frameworks */,
				0441AC471C7CA3A3000B61AD /* Resources */,
			);
			buildRules = (
			);
			dependencies = (
			);
			name = ApplePayDemo;
			productName = ApplePayDemo;
			productReference = 0441AC491C7CA3A3000B61AD /* ApplePayDemo.app */;
			productType = "com.apple.product-type.application";
		};
		0441AC611C7CA3A3000B61AD /* ApplePayDemoTests */ = {
			isa = PBXNativeTarget;
			buildConfigurationList = 0441AC791C7CA3A3000B61AD /* Build configuration list for PBXNativeTarget "ApplePayDemoTests" */;
			buildPhases = (
				0441AC5E1C7CA3A3000B61AD /* Sources */,
				0441AC5F1C7CA3A3000B61AD /* Frameworks */,
				0441AC601C7CA3A3000B61AD /* Resources */,
			);
			buildRules = (
			);
			dependencies = (
				0441AC641C7CA3A3000B61AD /* PBXTargetDependency */,
			);
			name = ApplePayDemoTests;
			productName = ApplePayDemoTests;
			productReference = 0441AC621C7CA3A3000B61AD /* ApplePayDemoTests.xctest */;
			productType = "com.apple.product-type.bundle.unit-test";
		};
		0441AC6C1C7CA3A3000B61AD /* ApplePayDemoUITests */ = {
			isa = PBXNativeTarget;
			buildConfigurationList = 0441AC7C1C7CA3A3000B61AD /* Build configuration list for PBXNativeTarget "ApplePayDemoUITests" */;
			buildPhases = (
				0441AC691C7CA3A3000B61AD /* Sources */,
				0441AC6A1C7CA3A3000B61AD /* Frameworks */,
				0441AC6B1C7CA3A3000B61AD /* Resources */,
			);
			buildRules = (
			);
			dependencies = (
				0441AC6F1C7CA3A3000B61AD /* PBXTargetDependency */,
			);
			name = ApplePayDemoUITests;
			productName = ApplePayDemoUITests;
			productReference = 0441AC6D1C7CA3A3000B61AD /* ApplePayDemoUITests.xctest */;
			productType = "com.apple.product-type.bundle.ui-testing";
		};
/* End PBXNativeTarget section */

/* Begin PBXProject section */
		0441AC411C7CA3A3000B61AD /* Project object */ = {
			isa = PBXProject;
			attributes = {
				LastUpgradeCheck = 0720;
				ORGANIZATIONNAME = "汤威";
				TargetAttributes = {
					0441AC481C7CA3A3000B61AD = {
						CreatedOnToolsVersion = 7.2;
						SystemCapabilities = {
							com.apple.InterAppAudio = {
								enabled = 0;
							};
						};
					};
					0441AC611C7CA3A3000B61AD = {
						CreatedOnToolsVersion = 7.2;
						DevelopmentTeam = 4PL4QZR777;
						TestTargetID = 0441AC481C7CA3A3000B61AD;
					};
					0441AC6C1C7CA3A3000B61AD = {
						CreatedOnToolsVersion = 7.2;
						DevelopmentTeam = 4PL4QZR777;
						TestTargetID = 0441AC481C7CA3A3000B61AD;
					};
				};
			};
			buildConfigurationList = 0441AC441C7CA3A3000B61AD /* Build configuration list for PBXProject "ApplePayDemo" */;
			compatibilityVersion = "Xcode 3.2";
			developmentRegion = English;
			hasScannedForEncodings = 0;
			knownRegions = (
				en,
				Base,
			);
			mainGroup = 0441AC401C7CA3A3000B61AD;
			productRefGroup = 0441AC4A1C7CA3A3000B61AD /* Products */;
			projectDirPath = "";
			projectRoot = "";
			targets = (
				0441AC481C7CA3A3000B61AD /* ApplePayDemo */,
				0441AC611C7CA3A3000B61AD /* ApplePayDemoTests */,
				0441AC6C1C7CA3A3000B61AD /* ApplePayDemoUITests */,
			);
		};
/* End PBXProject section */

/* Begin PBXResourcesBuildPhase section */
		0441AC471C7CA3A3000B61AD /* Resources */ = {
			isa = PBXResourcesBuildPhase;
			buildActionMask = 2147483647;
			files = (
				0441AC5C1C7CA3A3000B61AD /* LaunchScreen.storyboard in Resources */,
				0441AC591C7CA3A3000B61AD /* Assets.xcassets in Resources */,
				0441AC571C7CA3A3000B61AD /* Main.storyboard in Resources */,
			);
			runOnlyForDeploymentPostprocessing = 0;
		};
		0441AC601C7CA3A3000B61AD /* Resources */ = {
			isa = PBXResourcesBuildPhase;
			buildActionMask = 2147483647;
			files = (
			);
			runOnlyForDeploymentPostprocessing = 0;
		};
		0441AC6B1C7CA3A3000B61AD /* Resources */ = {
			isa = PBXResourcesBuildPhase;
			buildActionMask = 2147483647;
			files = (
			);
			runOnlyForDeploymentPostprocessing = 0;
		};
/* End PBXResourcesBuildPhase section */

/* Begin PBXSourcesBuildPhase section */
		0441AC451C7CA3A3000B61AD /* Sources */ = {
			isa = PBXSourcesBuildPhase;
			buildActionMask = 2147483647;
			files = (
				0441AC541C7CA3A3000B61AD /* ViewController.m in Sources */,
				0441AC511C7CA3A3000B61AD /* AppDelegate.m in Sources */,
				0441AC4E1C7CA3A3000B61AD /* main.m in Sources */,
			);
			runOnlyForDeploymentPostprocessing = 0;
		};
		0441AC5E1C7CA3A3000B61AD /* Sources */ = {
			isa = PBXSourcesBuildPhase;
			buildActionMask = 2147483647;
			files = (
				0441AC671C7CA3A3000B61AD /* ApplePayDemoTests.m in Sources */,
			);
			runOnlyForDeploymentPostprocessing = 0;
		};
		0441AC691C7CA3A3000B61AD /* Sources */ = {
			isa = PBXSourcesBuildPhase;
			buildActionMask = 2147483647;
			files = (
				0441AC721C7CA3A3000B61AD /* ApplePayDemoUITests.m in Sources */,
			);
			runOnlyForDeploymentPostprocessing = 0;
		};
/* End PBXSourcesBuildPhase section */

/* Begin PBXTargetDependency section */
		0441AC641C7CA3A3000B61AD /* PBXTargetDependency */ = {
			isa = PBXTargetDependency;
			target = 0441AC481C7CA3A3000B61AD /* ApplePayDemo */;
			targetProxy = 0441AC631C7CA3A3000B61AD /* PBXContainerItemProxy */;
		};
		0441AC6F1C7CA3A3000B61AD /* PBXTargetDependency */ = {
			isa = PBXTargetDependency;
			target = 0441AC481C7CA3A3000B61AD /* ApplePayDemo */;
			targetProxy = 0441AC6E1C7CA3A3000B61AD /* PBXContainerItemProxy */;
		};
/* End PBXTargetDependency section */

/* Begin PBXVariantGroup section */
		0441AC551C7CA3A3000B61AD /* Main.storyboard */ = {
			isa = PBXVariantGroup;
			children = (
				0441AC561C7CA3A3000B61AD /* Base */,
			);
			name = Main.storyboard;
			sourceTree = "<group>";
		};
		0441AC5A1C7CA3A3000B61AD /* LaunchScreen.storyboard */ = {
			isa = PBXVariantGroup;
			children = (
				0441AC5B1C7CA3A3000B61AD /* Base */,
			);
			name = LaunchScreen.storyboard;
			sourceTree = "<group>";
		};
/* End PBXVariantGroup section */

/* Begin XCBuildConfiguration section */
		0441AC741C7CA3A3000B61AD /* Debug */ = {
			isa = XCBuildConfiguration;
			buildSettings = {
				ALWAYS_SEARCH_USER_PATHS = NO;
				CLANG_CXX_LANGUAGE_STANDARD = "gnu++0x";
				CLANG_CXX_LIBRARY = "libc++";
				CLANG_ENABLE_MODULES = YES;
				CLANG_ENABLE_OBJC_ARC = YES;
				CLANG_WARN_BOOL_CONVERSION = YES;
				CLANG_WARN_CONSTANT_CONVERSION = YES;
				CLANG_WARN_DIRECT_OBJC_ISA_USAGE = YES_ERROR;
				CLANG_WARN_EMPTY_BODY = YES;
				CLANG_WARN_ENUM_CONVERSION = YES;
				CLANG_WARN_INT_CONVERSION = YES;
				CLANG_WARN_OBJC_ROOT_CLASS = YES_ERROR;
				CLANG_WARN_UNREACHABLE_CODE = YES;
				CLANG_WARN__DUPLICATE_METHOD_MATCH = YES;
				"CODE_SIGN_IDENTITY[sdk=iphoneos*]" = "iPhone Developer";
				COPY_PHASE_STRIP = NO;
				DEBUG_INFORMATION_FORMAT = dwarf;
				ENABLE_STRICT_OBJC_MSGSEND = YES;
				ENABLE_TESTABILITY = YES;
				GCC_C_LANGUAGE_STANDARD = gnu99;
				GCC_DYNAMIC_NO_PIC = NO;
				GCC_NO_COMMON_BLOCKS = YES;
				GCC_OPTIMIZATION_LEVEL = 0;
				GCC_PREPROCESSOR_DEFINITIONS = (
					"DEBUG=1",
					"$(inherited)",
				);
				GCC_WARN_64_TO_32_BIT_CONVERSION = YES;
				GCC_WARN_ABOUT_RETURN_TYPE = YES_ERROR;
				GCC_WARN_UNDECLARED_SELECTOR = YES;
				GCC_WARN_UNINITIALIZED_AUTOS = YES_AGGRESSIVE;
				GCC_WARN_UNUSED_FUNCTION = YES;
				GCC_WARN_UNUSED_VARIABLE = YES;
				IPHONEOS_DEPLOYMENT_TARGET = 9.2;
				MTL_ENABLE_DEBUG_INFO = YES;
				ONLY_ACTIVE_ARCH = YES;
				SDKROOT = iphoneos;
			};
			name = Debug;
		};
		0441AC751C7CA3A3000B61AD /* Release */ = {
			isa = XCBuildConfiguration;
			buildSettings = {
				ALWAYS_SEARCH_USER_PATHS = NO;
				CLANG_CXX_LANGUAGE_STANDARD = "gnu++0x";
				CLANG_CXX_LIBRARY = "libc++";
				CLANG_ENABLE_MODULES = YES;
				CLANG_ENABLE_OBJC_ARC = YES;
				CLANG_WARN_BOOL_CONVERSION = YES;
				CLANG_WARN_CONSTANT_CONVERSION = YES;
				CLANG_WARN_DIRECT_OBJC_ISA_USAGE = YES_ERROR;
				CLANG_WARN_EMPTY_BODY = YES;
				CLANG_WARN_ENUM_CONVERSION = YES;
				CLANG_WARN_INT_CONVERSION = YES;
				CLANG_WARN_OBJC_ROOT_CLASS = YES_ERROR;
				CLANG_WARN_UNREACHABLE_CODE = YES;
				CLANG_WARN__DUPLICATE_METHOD_MATCH = YES;
				"CODE_SIGN_IDENTITY[sdk=iphoneos*]" = "iPhone Developer";
				COPY_PHASE_STRIP = NO;
				DEBUG_INFORMATION_FORMAT = "dwarf-with-dsym";
				ENABLE_NS_ASSERTIONS = NO;
				ENABLE_STRICT_OBJC_MSGSEND = YES;
				GCC_C_LANGUAGE_STANDARD = gnu99;
				GCC_NO_COMMON_BLOCKS = YES;
				GCC_WARN_64_TO_32_BIT_CONVERSION = YES;
				GCC_WARN_ABOUT_RETURN_TYPE = YES_ERROR;
				GCC_WARN_UNDECLARED_SELECTOR = YES;
				GCC_WARN_UNINITIALIZED_AUTOS = YES_AGGRESSIVE;
				GCC_WARN_UNUSED_FUNCTION = YES;
				GCC_WARN_UNUSED_VARIABLE = YES;
				IPHONEOS_DEPLOYMENT_TARGET = 9.2;
				MTL_ENABLE_DEBUG_INFO = NO;
				SDKROOT = iphoneos;
				VALIDATE_PRODUCT = YES;
			};
			name = Release;
		};
		0441AC771C7CA3A3000B61AD /* Debug */ = {
			isa = XCBuildConfiguration;
			buildSettings = {
				ASSETCATALOG_COMPILER_APPICON_NAME = AppIcon;
				CODE_SIGN_IDENTITY = "iPhone Developer";
				"CODE_SIGN_IDENTITY[sdk=iphoneos*]" = "iPhone Developer";
				INFOPLIST_FILE = ApplePayDemo/Info.plist;
				IPHONEOS_DEPLOYMENT_TARGET = 8.1;
				LD_RUNPATH_SEARCH_PATHS = "$(inherited) @executable_path/Frameworks";
				PRODUCT_BUNDLE_IDENTIFIER = com.tangwei.cn.ApplePayDemo;
				PRODUCT_NAME = "$(TARGET_NAME)";
				PROVISIONING_PROFILE = "";
			};
			name = Debug;
		};
		0441AC781C7CA3A3000B61AD /* Release */ = {
			isa = XCBuildConfiguration;
			buildSettings = {
				ASSETCATALOG_COMPILER_APPICON_NAME = AppIcon;
				CODE_SIGN_IDENTITY = "iPhone Developer";
				"CODE_SIGN_IDENTITY[sdk=iphoneos*]" = "iPhone Developer";
				INFOPLIST_FILE = ApplePayDemo/Info.plist;
				IPHONEOS_DEPLOYMENT_TARGET = 8.1;
				LD_RUNPATH_SEARCH_PATHS = "$(inherited) @executable_path/Frameworks";
				PRODUCT_BUNDLE_IDENTIFIER = com.tangwei.cn.ApplePayDemo;
				PRODUCT_NAME = "$(TARGET_NAME)";
				PROVISIONING_PROFILE = "";
			};
			name = Release;
		};
		0441AC7A1C7CA3A3000B61AD /* Debug */ = {
			isa = XCBuildConfiguration;
			buildSettings = {
				BUNDLE_LOADER = "$(TEST_HOST)";
				INFOPLIST_FILE = ApplePayDemoTests/Info.plist;
				LD_RUNPATH_SEARCH_PATHS = "$(inherited) @executable_path/Frameworks @loader_path/Frameworks";
				PRODUCT_BUNDLE_IDENTIFIER = com.tangwei.cn.ApplePayDemoTests;
				PRODUCT_NAME = "$(TARGET_NAME)";
				TEST_HOST = "$(BUILT_PRODUCTS_DIR)/ApplePayDemo.app/ApplePayDemo";
			};
			name = Debug;
		};
		0441AC7B1C7CA3A3000B61AD /* Release */ = {
			isa = XCBuildConfiguration;
			buildSettings = {
				BUNDLE_LOADER = "$(TEST_HOST)";
				INFOPLIST_FILE = ApplePayDemoTests/Info.plist;
				LD_RUNPATH_SEARCH_PATHS = "$(inherited) @executable_path/Frameworks @loader_path/Frameworks";
				PRODUCT_BUNDLE_IDENTIFIER = com.tangwei.cn.ApplePayDemoTests;
				PRODUCT_NAME = "$(TARGET_NAME)";
				TEST_HOST = "$(BUILT_PRODUCTS_DIR)/ApplePayDemo.app/ApplePayDemo";
			};
			name = Release;
		};
		0441AC7D1C7CA3A3000B61AD /* Debug */ = {
			isa = XCBuildConfiguration;
			buildSettings = {
				INFOPLIST_FILE = ApplePayDemoUITests/Info.plist;
				LD_RUNPATH_SEARCH_PATHS = "$(inherited) @executable_path/Frameworks @loader_path/Frameworks";
				PRODUCT_BUNDLE_IDENTIFIER = com.tangwei.cn.ApplePayDemoUITests;
				PRODUCT_NAME = "$(TARGET_NAME)";
				TEST_TARGET_NAME = ApplePayDemo;
				USES_XCTRUNNER = YES;
			};
			name = Debug;
		};
		0441AC7E1C7CA3A3000B61AD /* Release */ = {
			isa = XCBuildConfiguration;
			buildSettings = {
				INFOPLIST_FILE = ApplePayDemoUITests/Info.plist;
				LD_RUNPATH_SEARCH_PATHS = "$(inherited) @executable_path/Frameworks @loader_path/Frameworks";
				PRODUCT_BUNDLE_IDENTIFIER = com.tangwei.cn.ApplePayDemoUITests;
				PRODUCT_NAME = "$(TARGET_NAME)";
				TEST_TARGET_NAME = ApplePayDemo;
				USES_XCTRUNNER = YES;
			};
			name = Release;
		};
/* End XCBuildConfiguration section */

/* Begin XCConfigurationList section */
		0441AC441C7CA3A3000B61AD /* Build configuration list for PBXProject "ApplePayDemo" */ = {
			isa = XCConfigurationList;
			buildConfigurations = (
				0441AC741C7CA3A3000B61AD /* Debug */,
				0441AC751C7CA3A3000B61AD /* Release */,
			);
			defaultConfigurationIsVisible = 0;
			defaultConfigurationName = Release;
		};
		0441AC761C7CA3A3000B61AD /* Build configuration list for PBXNativeTarget "ApplePayDemo" */ = {
			isa = XCConfigurationList;
			buildConfigurations = (
				0441AC771C7CA3A3000B61AD /* Debug */,
				0441AC781C7CA3A3000B61AD /* Release */,
			);
			defaultConfigurationIsVisible = 0;
		};
		0441AC791C7CA3A3000B61AD /* Build configuration list for PBXNativeTarget "ApplePayDemoTests" */ = {
			isa = XCConfigurationList;
			buildConfigurations = (
				0441AC7A1C7CA3A3000B61AD /* Debug */,
				0441AC7B1C7CA3A3000B61AD /* Release */,
			);
			defaultConfigurationIsVisible = 0;
		};
		0441AC7C1C7CA3A3000B61AD /* Build configuration list for PBXNativeTarget "ApplePayDemoUITests" */ = {
			isa = XCConfigurationList;
			buildConfigurations = (
				0441AC7D1C7CA3A3000B61AD /* Debug */,
				0441AC7E1C7CA3A3000B61AD /* Release */,
			);
			defaultConfigurationIsVisible = 0;
		};
/* End XCConfigurationList section */
	};
	rootObject = 0441AC411C7CA3A3000B61AD /* Project object */;
}
